
Microsoft Visual Studio Solution File, Format Version 12.00
# Visual Studio Version 17
VisualStudioVersion = 17.14.36221.1 d17.14
MinimumVisualStudioVersion = 10.0.40219.1
Project("{FAE04EC0-301F-11D3-BF4B-00C04F79EFBC}") = "ApiMock", "ApiMock.csproj", "{8BA77C21-8AF1-42A4-85F3-9B9635A23120}"
EndProject
Global
	GlobalSection(SolutionConfigurationPlatforms) = preSolution
		Debug|Any CPU = Debug|Any CPU
		Release|Any CPU = Release|Any CPU
	EndGlobalSection
	GlobalSection(ProjectConfigurationPlatforms) = postSolution
		{8BA77C21-8AF1-42A4-85F3-9B9635A23120}.Debug|Any CPU.ActiveCfg = Debug|Any CPU
		{8BA77C21-8AF1-42A4-85F3-9B9635A23120}.Debug|Any CPU.Build.0 = Debug|Any CPU
		{8BA77C21-8AF1-42A4-85F3-9B9635A23120}.Release|Any CPU.ActiveCfg = Release|Any CPU
		{8BA77C21-8AF1-42A4-85F3-9B9635A23120}.Release|Any CPU.Build.0 = Release|Any CPU
	EndGlobalSection
	GlobalSection(SolutionProperties) = preSolution
		HideSolutionNode = FALSE
	EndGlobalSection
	GlobalSection(ExtensibilityGlobals) = postSolution
		SolutionGuid = {1197F55D-97B1-404C-B7AC-AC68E55E9799}
	EndGlobalSection
EndGlobal
